// !$*UTF8*$!
{
	archiveVersion = 1;
	classes = {
	};
	objectVersion = 50;
	objects = {

/* Begin PBXBuildFile section */
		ACCEE6682130BB6900F7B498 /* AppDelegate.swift in Sources */ = {isa = PBXBuildFile; fileRef = ACCEE6672130BB6900F7B498 /* AppDelegate.swift */; };
		ACCEE66D2130BB6900F7B498 /* Main.storyboard in Resources */ = {isa = PBXBuildFile; fileRef = ACCEE66B2130BB6900F7B498 /* Main.storyboard */; };
		ACCEE6702130BB6900F7B498 /* MyGames.xcdatamodeld in Sources */ = {isa = PBXBuildFile; fileRef = ACCEE66E2130BB6900F7B498 /* MyGames.xcdatamodeld */; };
		ACCEE6722130BB6C00F7B498 /* Assets.xcassets in Resources */ = {isa = PBXBuildFile; fileRef = ACCEE6712130BB6C00F7B498 /* Assets.xcassets */; };
		ACCEE6752130BB6C00F7B498 /* LaunchScreen.storyboard in Resources */ = {isa = PBXBuildFile; fileRef = ACCEE6732130BB6C00F7B498 /* LaunchScreen.storyboard */; };
		ACCEE67D2130BDDC00F7B498 /* GamesTableViewController.swift in Sources */ = {isa = PBXBuildFile; fileRef = ACCEE67C2130BDDC00F7B498 /* GamesTableViewController.swift */; };
		ACCEE67F2130BDF700F7B498 /* GameViewController.swift in Sources */ = {isa = PBXBuildFile; fileRef = ACCEE67E2130BDF700F7B498 /* GameViewController.swift */; };
		ACCEE6812130C56600F7B498 /* UIViewController+Context.swift in Sources */ = {isa = PBXBuildFile; fileRef = ACCEE6802130C56600F7B498 /* UIViewController+Context.swift */; };
/* End PBXBuildFile section */

/* Begin PBXFileReference section */
		ACCEE6642130BB6900F7B498 /* MyGames.app */ = {isa = PBXFileReference; explicitFileType = wrapper.application; includeInIndex = 0; path = MyGames.app; sourceTree = BUILT_PRODUCTS_DIR; };
		ACCEE6672130BB6900F7B498 /* AppDelegate.swift */ = {isa = PBXFileReference; lastKnownFileType = sourcecode.swift; path = AppDelegate.swift; sourceTree = "<group>"; };
		ACCEE66C2130BB6900F7B498 /* Base */ = {isa = PBXFileReference; lastKnownFileType = file.storyboard; name = Base; path = Base.lproj/Main.storyboard; sourceTree = "<group>"; };
		ACCEE66F2130BB6900F7B498 /* MyGames.xcdatamodel */ = {isa = PBXFileReference; lastKnownFileType = wrapper.xcdatamodel; path = MyGames.xcdatamodel; sourceTree = "<group>"; };
		ACCEE6712130BB6C00F7B498 /* Assets.xcassets */ = {isa = PBXFileReference; lastKnownFileType = folder.assetcatalog; path = Assets.xcassets; sourceTree = "<group>"; };
		ACCEE6742130BB6C00F7B498 /* Base */ = {isa = PBXFileReference; lastKnownFileType = file.storyboard; name = Base; path = Base.lproj/LaunchScreen.storyboard; sourceTree = "<group>"; };
		ACCEE6762130BB6C00F7B498 /* Info.plist */ = {isa = PBXFileReference; lastKnownFileType = text.plist.xml; path = Info.plist; sourceTree = "<group>"; };
		ACCEE67C2130BDDC00F7B498 /* GamesTableViewController.swift */ = {isa = PBXFileReference; lastKnownFileType = sourcecode.swift; path = GamesTableViewController.swift; sourceTree = "<group>"; };
		ACCEE67E2130BDF700F7B498 /* GameViewController.swift */ = {isa = PBXFileReference; lastKnownFileType = sourcecode.swift; path = GameViewController.swift; sourceTree = "<group>"; };
		ACCEE6802130C56600F7B498 /* UIViewController+Context.swift */ = {isa = PBXFileReference; lastKnownFileType = sourcecode.swift; path = "UIViewController+Context.swift"; sourceTree = "<group>"; };
/* End PBXFileReference section */

/* Begin PBXFrameworksBuildPhase section */
		ACCEE6612130BB6900F7B498 /* Frameworks */ = {
			isa = PBXFrameworksBuildPhase;
			buildActionMask = 2147483647;
			files = (
			);
			runOnlyForDeploymentPostprocessing = 0;
		};
/* End PBXFrameworksBuildPhase section */

/* Begin PBXGroup section */
		ACCEE65B2130BB6800F7B498 = {
			isa = PBXGroup;
			children = (
				ACCEE6662130BB6900F7B498 /* MyGames */,
				ACCEE6652130BB6900F7B498 /* Products */,
			);
			sourceTree = "<group>";
		};
		ACCEE6652130BB6900F7B498 /* Products */ = {
			isa = PBXGroup;
			children = (
				ACCEE6642130BB6900F7B498 /* MyGames.app */,
			);
			name = Products;
			sourceTree = "<group>";
		};
		ACCEE6662130BB6900F7B498 /* MyGames */ = {
			isa = PBXGroup;
			children = (
				ACCEE67E2130BDF700F7B498 /* GameViewController.swift */,
				ACCEE67C2130BDDC00F7B498 /* GamesTableViewController.swift */,
				ACCEE6802130C56600F7B498 /* UIViewController+Context.swift */,
				ACCEE6672130BB6900F7B498 /* AppDelegate.swift */,
				ACCEE66B2130BB6900F7B498 /* Main.storyboard */,
				ACCEE6712130BB6C00F7B498 /* Assets.xcassets */,
				ACCEE6732130BB6C00F7B498 /* LaunchScreen.storyboard */,
				ACCEE6762130BB6C00F7B498 /* Info.plist */,
				ACCEE66E2130BB6900F7B498 /* MyGames.xcdatamodeld */,
			);
			path = MyGames;
			sourceTree = "<group>";
		};
/* End PBXGroup section */

/* Begin PBXNativeTarget section */
		ACCEE6632130BB6900F7B498 /* MyGames */ = {
			isa = PBXNativeTarget;
			buildConfigurationList = ACCEE6792130BB6C00F7B498 /* Build configuration list for PBXNativeTarget "MyGames" */;
			buildPhases = (
				ACCEE6602130BB6900F7B498 /* Sources */,
				ACCEE6612130BB6900F7B498 /* Frameworks */,
				ACCEE6622130BB6900F7B498 /* Resources */,
			);
			buildRules = (
			);
			dependencies = (
			);
			name = MyGames;
			productName = MyGames;
			productReference = ACCEE6642130BB6900F7B498 /* MyGames.app */;
			productType = "com.apple.product-type.application";
		};
/* End PBXNativeTarget section */

/* Begin PBXProject section */
		ACCEE65C2130BB6800F7B498 /* Project object */ = {
			isa = PBXProject;
			attributes = {
				LastSwiftUpdateCheck = 0940;
				LastUpgradeCheck = 0940;
				ORGANIZATIONNAME = Fiap;
				TargetAttributes = {
					ACCEE6632130BB6900F7B498 = {
						CreatedOnToolsVersion = 9.4.1;
					};
				};
			};
			buildConfigurationList = ACCEE65F2130BB6900F7B498 /* Build configuration list for PBXProject "MyGames" */;
			compatibilityVersion = "Xcode 9.3";
			developmentRegion = en;
			hasScannedForEncodings = 0;
			knownRegions = (
				en,
				Base,
			);
			mainGroup = ACCEE65B2130BB6800F7B498;
			productRefGroup = ACCEE6652130BB6900F7B498 /* Products */;
			projectDirPath = "";
			projectRoot = "";
			targets = (
				ACCEE6632130BB6900F7B498 /* MyGames */,
			);
		};
/* End PBXProject section */

/* Begin PBXResourcesBuildPhase section */
		ACCEE6622130BB6900F7B498 /* Resources */ = {
			isa = PBXResourcesBuildPhase;
			buildActionMask = 2147483647;
			files = (
				ACCEE6752130BB6C00F7B498 /* LaunchScreen.storyboard in Resources */,
				ACCEE6722130BB6C00F7B498 /* Assets.xcassets in Resources */,
				ACCEE66D2130BB6900F7B498 /* Main.storyboard in Resources */,
			);
			runOnlyForDeploymentPostprocessing = 0;
		};
/* End PBXResourcesBuildPhase section */

/* Begin PBXSourcesBuildPhase section */
		ACCEE6602130BB6900F7B498 /* Sources */ = {
			isa = PBXSourcesBuildPhase;
			buildActionMask = 2147483647;
			files = (
				ACCEE67F2130BDF700F7B498 /* GameViewController.swift in Sources */,
				ACCEE6812130C56600F7B498 /* UIViewController+Context.swift in Sources */,
				ACCEE6682130BB6900F7B498 /* AppDelegate.swift in Sources */,
				ACCEE67D2130BDDC00F7B498 /* GamesTableViewController.swift in Sources */,
				ACCEE6702130BB6900F7B498 /* MyGames.xcdatamodeld in Sources */,
			);
			runOnlyForDeploymentPostprocessing = 0;
		};
/* End PBXSourcesBuildPhase section */

/* Begin PBXVariantGroup section */
		ACCEE66B2130BB6900F7B498 /* Main.storyboard */ = {
			isa = PBXVariantGroup;
			children = (
				ACCEE66C2130BB6900F7B498 /* Base */,
			);
			name = Main.storyboard;
			sourceTree = "<group>";
		};
		ACCEE6732130BB6C00F7B498 /* LaunchScreen.storyboard */ = {
			isa = PBXVariantGroup;
			children = (
				ACCEE6742130BB6C00F7B498 /* Base */,
			);
			name = LaunchScreen.storyboard;
			sourceTree = "<group>";
		};
/* End PBXVariantGroup section */

/* Begin XCBuildConfiguration section */
		ACCEE6772130BB6C00F7B498 /* Debug */ = {
			isa = XCBuildConfiguration;
			buildSettings = {
				ALWAYS_SEARCH_USER_PATHS = NO;
				CLANG_ANALYZER_NONNULL = YES;
				CLANG_ANALYZER_NUMBER_OBJECT_CONVERSION = YES_AGGRESSIVE;
				CLANG_CXX_LANGUAGE_STANDARD = "gnu++14";
				CLANG_CXX_LIBRARY = "libc++";
				CLANG_ENABLE_MODULES = YES;
				CLANG_ENABLE_OBJC_ARC = YES;
				CLANG_ENABLE_OBJC_WEAK = YES;
				CLANG_WARN_BLOCK_CAPTURE_AUTORELEASING = YES;
				CLANG_WARN_BOOL_CONVERSION = YES;
				CLANG_WARN_COMMA = YES;
				CLANG_WARN_CONSTANT_CONVERSION = YES;
				CLANG_WARN_DEPRECATED_OBJC_IMPLEMENTATIONS = YES;
				CLANG_WARN_DIRECT_OBJC_ISA_USAGE = YES_ERROR;
				CLANG_WARN_DOCUMENTATION_COMMENTS = YES;
				CLANG_WARN_EMPTY_BODY = YES;
				CLANG_WARN_ENUM_CONVERSION = YES;
				CLANG_WARN_INFINITE_RECURSION = YES;
				CLANG_WARN_INT_CONVERSION = YES;
				CLANG_WARN_NON_LITERAL_NULL_CONVERSION = YES;
				CLANG_WARN_OBJC_IMPLICIT_RETAIN_SELF = YES;
				CLANG_WARN_OBJC_LITERAL_CONVERSION = YES;
				CLANG_WARN_OBJC_ROOT_CLASS = YES_ERROR;
				CLANG_WARN_RANGE_LOOP_ANALYSIS = YES;
				CLANG_WARN_STRICT_PROTOTYPES = YES;
				CLANG_WARN_SUSPICIOUS_MOVE = YES;
				CLANG_WARN_UNGUARDED_AVAILABILITY = YES_AGGRESSIVE;
				CLANG_WARN_UNREACHABLE_CODE = YES;
				CLANG_WARN__DUPLICATE_METHOD_MATCH = YES;
				CODE_SIGN_IDENTITY = "iPhone Developer";
				COPY_PHASE_STRIP = NO;
				DEBUG_INFORMATION_FORMAT = dwarf;
				ENABLE_STRICT_OBJC_MSGSEND = YES;
				ENABLE_TESTABILITY = YES;
				GCC_C_LANGUAGE_STANDARD = gnu11;
				GCC_DYNAMIC_NO_PIC = NO;
				GCC_NO_COMMON_BLOCKS = YES;
				GCC_OPTIMIZATION_LEVEL = 0;
				GCC_PREPROCESSOR_DEFINITIONS = (
					"DEBUG=1",
					"$(inherited)",
				);
				GCC_WARN_64_TO_32_BIT_CONVERSION = YES;
				GCC_WARN_ABOUT_RETURN_TYPE = YES_ERROR;
				GCC_WARN_UNDECLARED_SELECTOR = YES;
				GCC_WARN_UNINITIALIZED_AUTOS = YES_AGGRESSIVE;
				GCC_WARN_UNUSED_FUNCTION = YES;
				GCC_WARN_UNUSED_VARIABLE = YES;
				IPHONEOS_DEPLOYMENT_TARGET = 11.4;
				MTL_ENABLE_DEBUG_INFO = YES;
				ONLY_ACTIVE_ARCH = YES;
				SDKROOT = iphoneos;
				SWIFT_ACTIVE_COMPILATION_CONDITIONS = DEBUG;
				SWIFT_OPTIMIZATION_LEVEL = "-Onone";
			};
			name = Debug;
		};
		ACCEE6782130BB6C00F7B498 /* Release */ = {
			isa = XCBuildConfiguration;
			buildSettings = {
				ALWAYS_SEARCH_USER_PATHS = NO;
				CLANG_ANALYZER_NONNULL = YES;
				CLANG_ANALYZER_NUMBER_OBJECT_CONVERSION = YES_AGGRESSIVE;
				CLANG_CXX_LANGUAGE_STANDARD = "gnu++14";
				CLANG_CXX_LIBRARY = "libc++";
				CLANG_ENABLE_MODULES = YES;
				CLANG_ENABLE_OBJC_ARC = YES;
				CLANG_ENABLE_OBJC_WEAK = YES;
				CLANG_WARN_BLOCK_CAPTURE_AUTORELEASING = YES;
				CLANG_WARN_BOOL_CONVERSION = YES;
				CLANG_WARN_COMMA = YES;
				CLANG_WARN_CONSTANT_CONVERSION = YES;
				CLANG_WARN_DEPRECATED_OBJC_IMPLEMENTATIONS = YES;
				CLANG_WARN_DIRECT_OBJC_ISA_USAGE = YES_ERROR;
				CLANG_WARN_DOCUMENTATION_COMMENTS = YES;
				CLANG_WARN_EMPTY_BODY = YES;
				CLANG_WARN_ENUM_CONVERSION = YES;
				CLANG_WARN_INFINITE_RECURSION = YES;
				CLANG_WARN_INT_CONVERSION = YES;
				CLANG_WARN_NON_LITERAL_NULL_CONVERSION = YES;
				CLANG_WARN_OBJC_IMPLICIT_RETAIN_SELF = YES;
				CLANG_WARN_OBJC_LITERAL_CONVERSION = YES;
				CLANG_WARN_OBJC_ROOT_CLASS = YES_ERROR;
				CLANG_WARN_RANGE_LOOP_ANALYSIS = YES;
				CLANG_WARN_STRICT_PROTOTYPES = YES;
				CLANG_WARN_SUSPICIOUS_MOVE = YES;
				CLANG_WARN_UNGUARDED_AVAILABILITY = YES_AGGRESSIVE;
				CLANG_WARN_UNREACHABLE_CODE = YES;
				CLANG_WARN__DUPLICATE_METHOD_MATCH = YES;
				CODE_SIGN_IDENTITY = "iPhone Developer";
				COPY_PHASE_STRIP = NO;
				DEBUG_INFORMATION_FORMAT = "dwarf-with-dsym";
				ENABLE_NS_ASSERTIONS = NO;
				ENABLE_STRICT_OBJC_MSGSEND = YES;
				GCC_C_LANGUAGE_STANDARD = gnu11;
				GCC_NO_COMMON_BLOCKS = YES;
				GCC_WARN_64_TO_32_BIT_CONVERSION = YES;
				GCC_WARN_ABOUT_RETURN_TYPE = YES_ERROR;
				GCC_WARN_UNDECLARED_SELECTOR = YES;
				GCC_WARN_UNINITIALIZED_AUTOS = YES_AGGRESSIVE;
				GCC_WARN_UNUSED_FUNCTION = YES;
				GCC_WARN_UNUSED_VARIABLE = YES;
				IPHONEOS_DEPLOYMENT_TARGET = 11.4;
				MTL_ENABLE_DEBUG_INFO = NO;
				SDKROOT = iphoneos;
				SWIFT_COMPILATION_MODE = wholemodule;
				SWIFT_OPTIMIZATION_LEVEL = "-O";
				VALIDATE_PRODUCT = YES;
			};
			name = Release;
		};
		ACCEE67A2130BB6C00F7B498 /* Debug */ = {
			isa = XCBuildConfiguration;
			buildSettings = {
				ASSETCATALOG_COMPILER_APPICON_NAME = AppIcon;
				CODE_SIGN_STYLE = Automatic;
				INFOPLIST_FILE = MyGames/Info.plist;
				LD_RUNPATH_SEARCH_PATHS = (
					"$(inherited)",
					"@executable_path/Frameworks",
				);
				PRODUCT_BUNDLE_IDENTIFIER = br.com.fiap.MyGames;
				PRODUCT_NAME = "$(TARGET_NAME)";
				SWIFT_VERSION = 4.0;
				TARGETED_DEVICE_FAMILY = "1,2";
			};
			name = Debug;
		};
		ACCEE67B2130BB6C00F7B498 /* Release */ = {
			isa = XCBuildConfiguration;
			buildSettings = {
				ASSETCATALOG_COMPILER_APPICON_NAME = AppIcon;
				CODE_SIGN_STYLE = Automatic;
				INFOPLIST_FILE = MyGames/Info.plist;
				LD_RUNPATH_SEARCH_PATHS = (
					"$(inherited)",
					"@executable_path/Frameworks",
				);
				PRODUCT_BUNDLE_IDENTIFIER = br.com.fiap.MyGames;
				PRODUCT_NAME = "$(TARGET_NAME)";
				SWIFT_VERSION = 4.0;
				TARGETED_DEVICE_FAMILY = "1,2";
			};
			name = Release;
		};
/* End XCBuildConfiguration section */

/* Begin XCConfigurationList section */
		ACCEE65F2130BB6900F7B498 /* Build configuration list for PBXProject "MyGames" */ = {
			isa = XCConfigurationList;
			buildConfigurations = (
				ACCEE6772130BB6C00F7B498 /* Debug */,
				ACCEE6782130BB6C00F7B498 /* Release */,
			);
			defaultConfigurationIsVisible = 0;
			defaultConfigurationName = Release;
		};
		ACCEE6792130BB6C00F7B498 /* Build configuration list for PBXNativeTarget "MyGames" */ = {
			isa = XCConfigurationList;
			buildConfigurations = (
				ACCEE67A2130BB6C00F7B498 /* Debug */,
				ACCEE67B2130BB6C00F7B498 /* Release */,
			);
			defaultConfigurationIsVisible = 0;
			defaultConfigurationName = Release;
		};
/* End XCConfigurationList section */

/* Begin XCVersionGroup section */
		ACCEE66E2130BB6900F7B498 /* MyGames.xcdatamodeld */ = {
			isa = XCVersionGroup;
			children = (
				ACCEE66F2130BB6900F7B498 /* MyGames.xcdatamodel */,
			);
			currentVersion = ACCEE66F2130BB6900F7B498 /* MyGames.xcdatamodel */;
			path = MyGames.xcdatamodeld;
			sourceTree = "<group>";
			versionGroupType = wrapper.xcdatamodel;
		};
/* End XCVersionGroup section */
	};
	rootObject = ACCEE65C2130BB6800F7B498 /* Project object */;
}
